# This file is automatically @generated by Cargo.
# It is not intended for manual editing.
version = 4

[[package]]
name = "byteorder"
version = "1.5.0"
source = "registry+https://github.com/rust-lang/crates.io-index"
checksum = "1fd0f2584146f6f2ef48085050886acf353beff7305ebd1ae69500e27c67f64b"

[[package]]
name = "kyber"
version = "0.1.0"
dependencies = [
 "kyber512",
 "kyber768",
 "safe_pqc_kyber",
]

[[package]]
name = "kyber512"
version = "0.6.3"
dependencies = [
 "byteorder",
 "rand_core",
]

[[package]]
name = "kyber768"
version = "0.6.3"
dependencies = [
 "byteorder",
 "rand_core",
]

[[package]]
name = "rand_core"
version = "0.6.4"
source = "registry+https://github.com/rust-lang/crates.io-index"
checksum = "ec0be4795e2f6a28069bec0b5ff3e2ac9bafc99e6a9a7dc3547996c5c816922c"

[[package]]
name = "safe_pqc_kyber"
version = "0.6.3"
dependencies = [
 "byteorder",
 "rand_core",
]
